
Microsoft Visual Studio Solution File, Format Version 12.00
# Visual Studio Version 16
VisualStudioVersion = 16.0.29025.244
MinimumVisualStudioVersion = 10.0.40219.1
Project("{FAE04EC0-301F-11D3-BF4B-00C04F79EFBC}") = "NugetUnbox", "NugetUnbox\NugetUnbox.csproj", "{02002BDB-490F-4508-A708-2E101520BF6C}"
EndProject
Global
	GlobalSection(SolutionConfigurationPlatforms) = preSolution
		Debug|Any CPU = Debug|Any CPU
		Release|Any CPU = Release|Any CPU
	EndGlobalSection
	GlobalSection(ProjectConfigurationPlatforms) = postSolution
		{02002BDB-490F-4508-A708-2E101520BF6C}.Debug|Any CPU.ActiveCfg = Debug|Any CPU
		{02002BDB-490F-4508-A708-2E101520BF6C}.Debug|Any CPU.Build.0 = Debug|Any CPU
		{02002BDB-490F-4508-A708-2E101520BF6C}.Release|Any CPU.ActiveCfg = Release|Any CPU
		{02002BDB-490F-4508-A708-2E101520BF6C}.Release|Any CPU.Build.0 = Release|Any CPU
	EndGlobalSection
	GlobalSection(SolutionProperties) = preSolution
		HideSolutionNode = FALSE
	EndGlobalSection
	GlobalSection(ExtensibilityGlobals) = postSolution
		SolutionGuid = {19C59BFC-2271-43AA-9F24-DF49C7E92CE0}
	EndGlobalSection
EndGlobal
